
Microsoft Visual Studio Solution File, Format Version 12.00
# Visual Studio 15
VisualStudioVersion = 15.0.27130.2003
MinimumVisualStudioVersion = 10.0.40219.1
Project("{FAE04EC0-301F-11D3-BF4B-00C04F79EFBC}") = "VidlyAdmin", "VidlyAdmin\VidlyAdmin.csproj", "{076B6360-CA91-47EA-BAD4-C99D444986B7}"
EndProject
Global
	GlobalSection(SolutionConfigurationPlatforms) = preSolution
		Debug|Any CPU = Debug|Any CPU
		Release|Any CPU = Release|Any CPU
	EndGlobalSection
	GlobalSection(ProjectConfigurationPlatforms) = postSolution
		{076B6360-CA91-47EA-BAD4-C99D444986B7}.Debug|Any CPU.ActiveCfg = Debug|Any CPU
		{076B6360-CA91-47EA-BAD4-C99D444986B7}.Debug|Any CPU.Build.0 = Debug|Any CPU
		{076B6360-CA91-47EA-BAD4-C99D444986B7}.Release|Any CPU.ActiveCfg = Release|Any CPU
		{076B6360-CA91-47EA-BAD4-C99D444986B7}.Release|Any CPU.Build.0 = Release|Any CPU
	EndGlobalSection
	GlobalSection(SolutionProperties) = preSolution
		HideSolutionNode = FALSE
	EndGlobalSection
	GlobalSection(ExtensibilityGlobals) = postSolution
		SolutionGuid = {75769006-DC41-414E-8345-3DC59806A6D2}
	EndGlobalSection
EndGlobal
